
Microsoft Visual Studio Solution File, Format Version 12.00
# Visual Studio Version 17
VisualStudioVersion = 17.6.33723.286
MinimumVisualStudioVersion = 10.0.40219.1
Project("{888888A0-9F3D-457C-B088-3A5042F75D52}") = "basicproject", "basicproject.pyproj", "{3AF10D79-836B-46F9-A96B-A89A652CD27B}"
EndProject
Global
	GlobalSection(SolutionConfigurationPlatforms) = preSolution
		Debug|Any CPU = Debug|Any CPU
		Release|Any CPU = Release|Any CPU
	EndGlobalSection
	GlobalSection(ProjectConfigurationPlatforms) = postSolution
		{3AF10D79-836B-46F9-A96B-A89A652CD27B}.Debug|Any CPU.ActiveCfg = Debug|Any CPU
		{3AF10D79-836B-46F9-A96B-A89A652CD27B}.Debug|Any CPU.Build.0 = Debug|Any CPU
		{3AF10D79-836B-46F9-A96B-A89A652CD27B}.Release|Any CPU.ActiveCfg = Release|Any CPU
		{3AF10D79-836B-46F9-A96B-A89A652CD27B}.Release|Any CPU.Build.0 = Release|Any CPU
	EndGlobalSection
	GlobalSection(SolutionProperties) = preSolution
		HideSolutionNode = FALSE
	EndGlobalSection
	GlobalSection(ExtensibilityGlobals) = postSolution
		SolutionGuid = {847E169D-30FF-4FFC-9EC2-7241E3772E4E}
	EndGlobalSection
EndGlobal
